// !$*UTF8*$!
{
	archiveVersion = 1;
	classes = {
	};
	objectVersion = 56;
	objects = {

/* Begin PBXBuildFile section */
		001 /* PoliticianSimApp.swift in Sources */ = {isa = PBXBuildFile; fileRef = 101 /* PoliticianSimApp.swift */; };
		002 /* ContentView.swift in Sources */ = {isa = PBXBuildFile; fileRef = 102 /* ContentView.swift */; };
		003 /* Character.swift in Sources */ = {isa = PBXBuildFile; fileRef = 103 /* Character.swift */; };
		004 /* GameState.swift in Sources */ = {isa = PBXBuildFile; fileRef = 104 /* GameState.swift */; };
		005 /* Stats.swift in Sources */ = {isa = PBXBuildFile; fileRef = 105 /* Stats.swift */; };
		006 /* Event.swift in Sources */ = {isa = PBXBuildFile; fileRef = 106 /* Event.swift */; };
		007 /* Country.swift in Sources */ = {isa = PBXBuildFile; fileRef = 107 /* Country.swift */; };
		008 /* GameManager.swift in Sources */ = {isa = PBXBuildFile; fileRef = 108 /* GameManager.swift */; };
		009 /* CharacterManager.swift in Sources */ = {isa = PBXBuildFile; fileRef = 109 /* CharacterManager.swift */; };
		010 /* StatManager.swift in Sources */ = {isa = PBXBuildFile; fileRef = 110 /* StatManager.swift */; };
		011 /* TimeManager.swift in Sources */ = {isa = PBXBuildFile; fileRef = 111 /* TimeManager.swift */; };
		012 /* NavigationManager.swift in Sources */ = {isa = PBXBuildFile; fileRef = 112 /* NavigationManager.swift */; };
		013 /* Constants.swift in Sources */ = {isa = PBXBuildFile; fileRef = 113 /* Constants.swift */; };
		014 /* Assets.xcassets in Resources */ = {isa = PBXBuildFile; fileRef = 114 /* Assets.xcassets */; };
		015 /* StandardBackgroundView.swift in Sources */ = {isa = PBXBuildFile; fileRef = 115 /* StandardBackgroundView.swift */; };
		016 /* StatCard.swift in Sources */ = {isa = PBXBuildFile; fileRef = 116 /* StatCard.swift */; };
		017 /* InfoCard.swift in Sources */ = {isa = PBXBuildFile; fileRef = 117 /* InfoCard.swift */; };
		018 /* ProgressBar.swift in Sources */ = {isa = PBXBuildFile; fileRef = 118 /* ProgressBar.swift */; };
		019 /* Badge.swift in Sources */ = {isa = PBXBuildFile; fileRef = 119 /* Badge.swift */; };
		020 /* PrimaryButton.swift in Sources */ = {isa = PBXBuildFile; fileRef = 120 /* PrimaryButton.swift */; };
		021 /* SecondaryButton.swift in Sources */ = {isa = PBXBuildFile; fileRef = 121 /* SecondaryButton.swift */; };
		022 /* IconButton.swift in Sources */ = {isa = PBXBuildFile; fileRef = 122 /* IconButton.swift */; };
		023 /* StatDisplay.swift in Sources */ = {isa = PBXBuildFile; fileRef = 123 /* StatDisplay.swift */; };
		024 /* TimeControlBar.swift in Sources */ = {isa = PBXBuildFile; fileRef = 124 /* TimeControlBar.swift */; };
		025 /* NavigationBar.swift in Sources */ = {isa = PBXBuildFile; fileRef = 125 /* NavigationBar.swift */; };
		026 /* EventCard.swift in Sources */ = {isa = PBXBuildFile; fileRef = 126 /* EventCard.swift */; };
		027 /* ChoiceButton.swift in Sources */ = {isa = PBXBuildFile; fileRef = 127 /* ChoiceButton.swift */; };
		028 /* CharacterCreationViewModel.swift in Sources */ = {isa = PBXBuildFile; fileRef = 128 /* CharacterCreationViewModel.swift */; };
		029 /* CountrySelectionView.swift in Sources */ = {isa = PBXBuildFile; fileRef = 129 /* CountrySelectionView.swift */; };
		030 /* CharacterDetailsView.swift in Sources */ = {isa = PBXBuildFile; fileRef = 130 /* CharacterDetailsView.swift */; };
		031 /* AttributeGenerationView.swift in Sources */ = {isa = PBXBuildFile; fileRef = 131 /* AttributeGenerationView.swift */; };
		032 /* CharacterSummaryView.swift in Sources */ = {isa = PBXBuildFile; fileRef = 132 /* CharacterSummaryView.swift */; };
		033 /* CharacterCreationContainerView.swift in Sources */ = {isa = PBXBuildFile; fileRef = 133 /* CharacterCreationContainerView.swift */; };
		034 /* HomeView.swift in Sources */ = {isa = PBXBuildFile; fileRef = 134 /* HomeView.swift */; };
		035 /* DateDisplayView.swift in Sources */ = {isa = PBXBuildFile; fileRef = 135 /* DateDisplayView.swift */; };
		036 /* CharacterOverviewCard.swift in Sources */ = {isa = PBXBuildFile; fileRef = 136 /* CharacterOverviewCard.swift */; };
		037 /* QuickStatsView.swift in Sources */ = {isa = PBXBuildFile; fileRef = 137 /* QuickStatsView.swift */; };
		038 /* SideMenuView.swift in Sources */ = {isa = PBXBuildFile; fileRef = 138 /* SideMenuView.swift */; };
		039 /* NewHomeView.swift in Sources */ = {isa = PBXBuildFile; fileRef = 139 /* NewHomeView.swift */; };
		040 /* ProfileView.swift in Sources */ = {isa = PBXBuildFile; fileRef = 140 /* ProfileView.swift */; };
/* End PBXBuildFile section */

/* Begin PBXFileReference section */
		100 /* PoliticianSim.app */ = {isa = PBXFileReference; explicitFileType = wrapper.application; includeInIndex = 0; path = PoliticianSim.app; sourceTree = BUILT_PRODUCTS_DIR; };
		101 /* PoliticianSimApp.swift */ = {isa = PBXFileReference; lastKnownFileType = sourcecode.swift; path = PoliticianSimApp.swift; sourceTree = "<group>"; };
		102 /* ContentView.swift */ = {isa = PBXFileReference; lastKnownFileType = sourcecode.swift; path = ContentView.swift; sourceTree = "<group>"; };
		103 /* Character.swift */ = {isa = PBXFileReference; lastKnownFileType = sourcecode.swift; path = Character.swift; sourceTree = "<group>"; };
		104 /* GameState.swift */ = {isa = PBXFileReference; lastKnownFileType = sourcecode.swift; path = GameState.swift; sourceTree = "<group>"; };
		105 /* Stats.swift */ = {isa = PBXFileReference; lastKnownFileType = sourcecode.swift; path = Stats.swift; sourceTree = "<group>"; };
		106 /* Event.swift */ = {isa = PBXFileReference; lastKnownFileType = sourcecode.swift; path = Event.swift; sourceTree = "<group>"; };
		107 /* Country.swift */ = {isa = PBXFileReference; lastKnownFileType = sourcecode.swift; path = Country.swift; sourceTree = "<group>"; };
		108 /* GameManager.swift */ = {isa = PBXFileReference; lastKnownFileType = sourcecode.swift; path = GameManager.swift; sourceTree = "<group>"; };
		109 /* CharacterManager.swift */ = {isa = PBXFileReference; lastKnownFileType = sourcecode.swift; path = CharacterManager.swift; sourceTree = "<group>"; };
		110 /* StatManager.swift */ = {isa = PBXFileReference; lastKnownFileType = sourcecode.swift; path = StatManager.swift; sourceTree = "<group>"; };
		111 /* TimeManager.swift */ = {isa = PBXFileReference; lastKnownFileType = sourcecode.swift; path = TimeManager.swift; sourceTree = "<group>"; };
		112 /* NavigationManager.swift */ = {isa = PBXFileReference; lastKnownFileType = sourcecode.swift; path = NavigationManager.swift; sourceTree = "<group>"; };
		113 /* Constants.swift */ = {isa = PBXFileReference; lastKnownFileType = sourcecode.swift; path = Constants.swift; sourceTree = "<group>"; };
		114 /* Assets.xcassets */ = {isa = PBXFileReference; lastKnownFileType = folder.assetcatalog; path = Assets.xcassets; sourceTree = "<group>"; };
		115 /* StandardBackgroundView.swift */ = {isa = PBXFileReference; lastKnownFileType = sourcecode.swift; path = StandardBackgroundView.swift; sourceTree = "<group>"; };
		116 /* StatCard.swift */ = {isa = PBXFileReference; lastKnownFileType = sourcecode.swift; path = StatCard.swift; sourceTree = "<group>"; };
		117 /* InfoCard.swift */ = {isa = PBXFileReference; lastKnownFileType = sourcecode.swift; path = InfoCard.swift; sourceTree = "<group>"; };
		118 /* ProgressBar.swift */ = {isa = PBXFileReference; lastKnownFileType = sourcecode.swift; path = ProgressBar.swift; sourceTree = "<group>"; };
		119 /* Badge.swift */ = {isa = PBXFileReference; lastKnownFileType = sourcecode.swift; path = Badge.swift; sourceTree = "<group>"; };
		120 /* PrimaryButton.swift */ = {isa = PBXFileReference; lastKnownFileType = sourcecode.swift; path = PrimaryButton.swift; sourceTree = "<group>"; };
		121 /* SecondaryButton.swift */ = {isa = PBXFileReference; lastKnownFileType = sourcecode.swift; path = SecondaryButton.swift; sourceTree = "<group>"; };
		122 /* IconButton.swift */ = {isa = PBXFileReference; lastKnownFileType = sourcecode.swift; path = IconButton.swift; sourceTree = "<group>"; };
		123 /* StatDisplay.swift */ = {isa = PBXFileReference; lastKnownFileType = sourcecode.swift; path = StatDisplay.swift; sourceTree = "<group>"; };
		124 /* TimeControlBar.swift */ = {isa = PBXFileReference; lastKnownFileType = sourcecode.swift; path = TimeControlBar.swift; sourceTree = "<group>"; };
		125 /* NavigationBar.swift */ = {isa = PBXFileReference; lastKnownFileType = sourcecode.swift; path = NavigationBar.swift; sourceTree = "<group>"; };
		126 /* EventCard.swift */ = {isa = PBXFileReference; lastKnownFileType = sourcecode.swift; path = EventCard.swift; sourceTree = "<group>"; };
		127 /* ChoiceButton.swift */ = {isa = PBXFileReference; lastKnownFileType = sourcecode.swift; path = ChoiceButton.swift; sourceTree = "<group>"; };
		128 /* CharacterCreationViewModel.swift */ = {isa = PBXFileReference; lastKnownFileType = sourcecode.swift; path = CharacterCreationViewModel.swift; sourceTree = "<group>"; };
		129 /* CountrySelectionView.swift */ = {isa = PBXFileReference; lastKnownFileType = sourcecode.swift; path = CountrySelectionView.swift; sourceTree = "<group>"; };
		130 /* CharacterDetailsView.swift */ = {isa = PBXFileReference; lastKnownFileType = sourcecode.swift; path = CharacterDetailsView.swift; sourceTree = "<group>"; };
		131 /* AttributeGenerationView.swift */ = {isa = PBXFileReference; lastKnownFileType = sourcecode.swift; path = AttributeGenerationView.swift; sourceTree = "<group>"; };
		132 /* CharacterSummaryView.swift */ = {isa = PBXFileReference; lastKnownFileType = sourcecode.swift; path = CharacterSummaryView.swift; sourceTree = "<group>"; };
		133 /* CharacterCreationContainerView.swift */ = {isa = PBXFileReference; lastKnownFileType = sourcecode.swift; path = CharacterCreationContainerView.swift; sourceTree = "<group>"; };
		134 /* HomeView.swift */ = {isa = PBXFileReference; lastKnownFileType = sourcecode.swift; path = HomeView.swift; sourceTree = "<group>"; };
		135 /* DateDisplayView.swift */ = {isa = PBXFileReference; lastKnownFileType = sourcecode.swift; path = DateDisplayView.swift; sourceTree = "<group>"; };
		136 /* CharacterOverviewCard.swift */ = {isa = PBXFileReference; lastKnownFileType = sourcecode.swift; path = CharacterOverviewCard.swift; sourceTree = "<group>"; };
		137 /* QuickStatsView.swift */ = {isa = PBXFileReference; lastKnownFileType = sourcecode.swift; path = QuickStatsView.swift; sourceTree = "<group>"; };
		138 /* SideMenuView.swift */ = {isa = PBXFileReference; lastKnownFileType = sourcecode.swift; path = SideMenuView.swift; sourceTree = "<group>"; };
		139 /* NewHomeView.swift */ = {isa = PBXFileReference; lastKnownFileType = sourcecode.swift; path = NewHomeView.swift; sourceTree = "<group>"; };
		140 /* ProfileView.swift */ = {isa = PBXFileReference; lastKnownFileType = sourcecode.swift; path = ProfileView.swift; sourceTree = "<group>"; };
/* End PBXFileReference section */

/* Begin PBXFrameworksBuildPhase section */
		200 /* Frameworks */ = {
			isa = PBXFrameworksBuildPhase;
			buildActionMask = 2147483647;
			files = (
			);
			runOnlyForDeploymentPostprocessing = 0;
		};
/* End PBXFrameworksBuildPhase section */

/* Begin PBXGroup section */
		300 = {
			isa = PBXGroup;
			children = (
				301 /* PoliticianSim */,
				302 /* Products */,
			);
			sourceTree = "<group>";
		};
		301 /* PoliticianSim */ = {
			isa = PBXGroup;
			children = (
				310 /* App */,
				311 /* Models */,
				312 /* ViewModels */,
				313 /* Views */,
				314 /* Services */,
				315 /* Resources */,
				316 /* Utilities */,
				114 /* Assets.xcassets */,
			);
			path = PoliticianSim;
			sourceTree = "<group>";
		};
		302 /* Products */ = {
			isa = PBXGroup;
			children = (
				100 /* PoliticianSim.app */,
			);
			name = Products;
			sourceTree = "<group>";
		};
		310 /* App */ = {
			isa = PBXGroup;
			children = (
				101 /* PoliticianSimApp.swift */,
				102 /* ContentView.swift */,
			);
			path = App;
			sourceTree = "<group>";
		};
		311 /* Models */ = {
			isa = PBXGroup;
			children = (
				103 /* Character.swift */,
				104 /* GameState.swift */,
				105 /* Stats.swift */,
				106 /* Event.swift */,
				107 /* Country.swift */,
			);
			path = Models;
			sourceTree = "<group>";
		};
		312 /* ViewModels */ = {
			isa = PBXGroup;
			children = (
				108 /* GameManager.swift */,
				109 /* CharacterManager.swift */,
				110 /* StatManager.swift */,
				111 /* TimeManager.swift */,
				112 /* NavigationManager.swift */,
				128 /* CharacterCreationViewModel.swift */,
			);
			path = ViewModels;
			sourceTree = "<group>";
		};
		313 /* Views */ = {
			isa = PBXGroup;
			children = (
				317 /* Components */,
				318 /* CharacterCreation */,
				319 /* Home */,
				320 /* Profile */,
			);
			path = Views;
			sourceTree = "<group>";
		};
		314 /* Services */ = {
			isa = PBXGroup;
			children = (
			);
			path = Services;
			sourceTree = "<group>";
		};
		315 /* Resources */ = {
			isa = PBXGroup;
			children = (
			);
			path = Resources;
			sourceTree = "<group>";
		};
		316 /* Utilities */ = {
			isa = PBXGroup;
			children = (
				113 /* Constants.swift */,
			);
			path = Utilities;
			sourceTree = "<group>";
		};
		317 /* Components */ = {
			isa = PBXGroup;
			children = (
				115 /* StandardBackgroundView.swift */,
				116 /* StatCard.swift */,
				117 /* InfoCard.swift */,
				118 /* ProgressBar.swift */,
				119 /* Badge.swift */,
				120 /* PrimaryButton.swift */,
				121 /* SecondaryButton.swift */,
				122 /* IconButton.swift */,
				123 /* StatDisplay.swift */,
				124 /* TimeControlBar.swift */,
				125 /* NavigationBar.swift */,
				126 /* EventCard.swift */,
				127 /* ChoiceButton.swift */,
				138 /* SideMenuView.swift */,
			);
			path = Components;
			sourceTree = "<group>";
		};
		318 /* CharacterCreation */ = {
			isa = PBXGroup;
			children = (
				129 /* CountrySelectionView.swift */,
				130 /* CharacterDetailsView.swift */,
				131 /* AttributeGenerationView.swift */,
				132 /* CharacterSummaryView.swift */,
				133 /* CharacterCreationContainerView.swift */,
			);
			path = CharacterCreation;
			sourceTree = "<group>";
		};
		319 /* Home */ = {
			isa = PBXGroup;
			children = (
				134 /* HomeView.swift */,
				135 /* DateDisplayView.swift */,
				136 /* CharacterOverviewCard.swift */,
				137 /* QuickStatsView.swift */,
				139 /* NewHomeView.swift */,
			);
			path = Home;
			sourceTree = "<group>";
		};
		320 /* Profile */ = {
			isa = PBXGroup;
			children = (
				140 /* ProfileView.swift */,
			);
			path = Profile;
			sourceTree = "<group>";
		};
/* End PBXGroup section */

/* Begin PBXNativeTarget section */
		400 /* PoliticianSim */ = {
			isa = PBXNativeTarget;
			buildConfigurationList = 500 /* Build configuration list for PBXNativeTarget "PoliticianSim" */;
			buildPhases = (
				410 /* Sources */,
				200 /* Frameworks */,
				420 /* Resources */,
			);
			buildRules = (
			);
			dependencies = (
			);
			name = PoliticianSim;
			productName = PoliticianSim;
			productReference = 100 /* PoliticianSim.app */;
			productType = "com.apple.product-type.application";
		};
/* End PBXNativeTarget section */

/* Begin PBXProject section */
		600 /* Project object */ = {
			isa = PBXProject;
			attributes = {
				BuildIndependentTargetsInParallel = 1;
				LastSwiftUpdateCheck = 1500;
				LastUpgradeCheck = 1500;
				TargetAttributes = {
					400 = {
						CreatedOnToolsVersion = 15.0;
					};
				};
			};
			buildConfigurationList = 700 /* Build configuration list for PBXProject "PoliticianSim" */;
			compatibilityVersion = "Xcode 14.0";
			developmentRegion = en;
			hasScannedForEncodings = 0;
			knownRegions = (
				en,
			);
			mainGroup = 300;
			productRefGroup = 302 /* Products */;
			projectDirPath = "";
			projectRoot = "";
			targets = (
				400 /* PoliticianSim */,
			);
		};
/* End PBXProject section */

/* Begin PBXResourcesBuildPhase section */
		420 /* Resources */ = {
			isa = PBXResourcesBuildPhase;
			buildActionMask = 2147483647;
			files = (
				014 /* Assets.xcassets in Resources */,
			);
			runOnlyForDeploymentPostprocessing = 0;
		};
/* End PBXResourcesBuildPhase section */

/* Begin PBXSourcesBuildPhase section */
		410 /* Sources */ = {
			isa = PBXSourcesBuildPhase;
			buildActionMask = 2147483647;
			files = (
				001 /* PoliticianSimApp.swift in Sources */,
				002 /* ContentView.swift in Sources */,
				003 /* Character.swift in Sources */,
				004 /* GameState.swift in Sources */,
				005 /* Stats.swift in Sources */,
				006 /* Event.swift in Sources */,
				007 /* Country.swift in Sources */,
				008 /* GameManager.swift in Sources */,
				009 /* CharacterManager.swift in Sources */,
				010 /* StatManager.swift in Sources */,
				011 /* TimeManager.swift in Sources */,
				012 /* NavigationManager.swift in Sources */,
				013 /* Constants.swift in Sources */,
				015 /* StandardBackgroundView.swift in Sources */,
				016 /* StatCard.swift in Sources */,
				017 /* InfoCard.swift in Sources */,
				018 /* ProgressBar.swift in Sources */,
				019 /* Badge.swift in Sources */,
				020 /* PrimaryButton.swift in Sources */,
				021 /* SecondaryButton.swift in Sources */,
				022 /* IconButton.swift in Sources */,
				023 /* StatDisplay.swift in Sources */,
				024 /* TimeControlBar.swift in Sources */,
				025 /* NavigationBar.swift in Sources */,
				026 /* EventCard.swift in Sources */,
				027 /* ChoiceButton.swift in Sources */,
				028 /* CharacterCreationViewModel.swift in Sources */,
				029 /* CountrySelectionView.swift in Sources */,
				030 /* CharacterDetailsView.swift in Sources */,
				031 /* AttributeGenerationView.swift in Sources */,
				032 /* CharacterSummaryView.swift in Sources */,
				033 /* CharacterCreationContainerView.swift in Sources */,
				034 /* HomeView.swift in Sources */,
				035 /* DateDisplayView.swift in Sources */,
				036 /* CharacterOverviewCard.swift in Sources */,
				037 /* QuickStatsView.swift in Sources */,
				038 /* SideMenuView.swift in Sources */,
				039 /* NewHomeView.swift in Sources */,
				040 /* ProfileView.swift in Sources */,
			);
			runOnlyForDeploymentPostprocessing = 0;
		};
/* End PBXSourcesBuildPhase section */

/* Begin XCBuildConfiguration section */
		800 /* Debug */ = {
			isa = XCBuildConfiguration;
			buildSettings = {
				ALWAYS_SEARCH_USER_PATHS = NO;
				ASSETCATALOG_COMPILER_GENERATE_SWIFT_ASSET_SYMBOL_EXTENSIONS = YES;
				CLANG_ANALYZER_NONNULL = YES;
				CLANG_ANALYZER_NUMBER_OBJECT_CONVERSION = YES_AGGRESSIVE;
				CLANG_CXX_LANGUAGE_STANDARD = "gnu++20";
				CLANG_ENABLE_MODULES = YES;
				CLANG_ENABLE_OBJC_ARC = YES;
				CLANG_ENABLE_OBJC_WEAK = YES;
				CLANG_WARN_BLOCK_CAPTURE_AUTORELEASING = YES;
				CLANG_WARN_BOOL_CONVERSION = YES;
				CLANG_WARN_COMMA = YES;
				CLANG_WARN_CONSTANT_CONVERSION = YES;
				CLANG_WARN_DEPRECATED_OBJC_IMPLEMENTATIONS = YES;
				CLANG_WARN_DIRECT_OBJC_ISA_USAGE = YES_ERROR;
				CLANG_WARN_DOCUMENTATION_COMMENTS = YES;
				CLANG_WARN_EMPTY_BODY = YES;
				CLANG_WARN_ENUM_CONVERSION = YES;
				CLANG_WARN_INFINITE_RECURSION = YES;
				CLANG_WARN_INT_CONVERSION = YES;
				CLANG_WARN_NON_LITERAL_NULL_CONVERSION = YES;
				CLANG_WARN_OBJC_IMPLICIT_RETAIN_SELF = YES;
				CLANG_WARN_OBJC_LITERAL_CONVERSION = YES;
				CLANG_WARN_OBJC_ROOT_CLASS = YES_ERROR;
				CLANG_WARN_QUOTED_INCLUDE_IN_FRAMEWORK_HEADER = YES;
				CLANG_WARN_RANGE_LOOP_ANALYSIS = YES;
				CLANG_WARN_STRICT_PROTOTYPES = YES;
				CLANG_WARN_SUSPICIOUS_MOVE = YES;
				CLANG_WARN_UNGUARDED_AVAILABILITY = YES_AGGRESSIVE;
				CLANG_WARN_UNREACHABLE_CODE = YES;
				CLANG_WARN__DUPLICATE_METHOD_MATCH = YES;
				COPY_PHASE_STRIP = NO;
				DEBUG_INFORMATION_FORMAT = dwarf;
				ENABLE_STRICT_OBJC_MSGSEND = YES;
				ENABLE_TESTABILITY = YES;
				ENABLE_USER_SCRIPT_SANDBOXING = YES;
				GCC_C_LANGUAGE_STANDARD = gnu17;
				GCC_DYNAMIC_NO_PIC = NO;
				GCC_NO_COMMON_BLOCKS = YES;
				GCC_OPTIMIZATION_LEVEL = 0;
				GCC_PREPROCESSOR_DEFINITIONS = (
					"DEBUG=1",
					"$(inherited)",
				);
				GCC_WARN_64_TO_32_BIT_CONVERSION = YES;
				GCC_WARN_ABOUT_RETURN_TYPE = YES_ERROR;
				GCC_WARN_UNDECLARED_SELECTOR = YES;
				GCC_WARN_UNINITIALIZED_AUTOS = YES_AGGRESSIVE;
				GCC_WARN_UNUSED_FUNCTION = YES;
				GCC_WARN_UNUSED_VARIABLE = YES;
				IPHONEOS_DEPLOYMENT_TARGET = 16.0;
				LOCALIZATION_PREFERS_STRING_CATALOGS = YES;
				MTL_ENABLE_DEBUG_INFO = INCLUDE_SOURCE;
				MTL_FAST_MATH = YES;
				ONLY_ACTIVE_ARCH = YES;
				SDKROOT = iphoneos;
				SWIFT_ACTIVE_COMPILATION_CONDITIONS = "DEBUG $(inherited)";
				SWIFT_OPTIMIZATION_LEVEL = "-Onone";
			};
			name = Debug;
		};
		801 /* Release */ = {
			isa = XCBuildConfiguration;
			buildSettings = {
				ALWAYS_SEARCH_USER_PATHS = NO;
				ASSETCATALOG_COMPILER_GENERATE_SWIFT_ASSET_SYMBOL_EXTENSIONS = YES;
				CLANG_ANALYZER_NONNULL = YES;
				CLANG_ANALYZER_NUMBER_OBJECT_CONVERSION = YES_AGGRESSIVE;
				CLANG_CXX_LANGUAGE_STANDARD = "gnu++20";
				CLANG_ENABLE_MODULES = YES;
				CLANG_ENABLE_OBJC_ARC = YES;
				CLANG_ENABLE_OBJC_WEAK = YES;
				CLANG_WARN_BLOCK_CAPTURE_AUTORELEASING = YES;
				CLANG_WARN_BOOL_CONVERSION = YES;
				CLANG_WARN_COMMA = YES;
				CLANG_WARN_CONSTANT_CONVERSION = YES;
				CLANG_WARN_DEPRECATED_OBJC_IMPLEMENTATIONS = YES;
				CLANG_WARN_DIRECT_OBJC_ISA_USAGE = YES_ERROR;
				CLANG_WARN_DOCUMENTATION_COMMENTS = YES;
				CLANG_WARN_EMPTY_BODY = YES;
				CLANG_WARN_ENUM_CONVERSION = YES;
				CLANG_WARN_INFINITE_RECURSION = YES;
				CLANG_WARN_INT_CONVERSION = YES;
				CLANG_WARN_NON_LITERAL_NULL_CONVERSION = YES;
				CLANG_WARN_OBJC_IMPLICIT_RETAIN_SELF = YES;
				CLANG_WARN_OBJC_LITERAL_CONVERSION = YES;
				CLANG_WARN_OBJC_ROOT_CLASS = YES_ERROR;
				CLANG_WARN_QUOTED_INCLUDE_IN_FRAMEWORK_HEADER = YES;
				CLANG_WARN_RANGE_LOOP_ANALYSIS = YES;
				CLANG_WARN_STRICT_PROTOTYPES = YES;
				CLANG_WARN_SUSPICIOUS_MOVE = YES;
				CLANG_WARN_UNGUARDED_AVAILABILITY = YES_AGGRESSIVE;
				CLANG_WARN_UNREACHABLE_CODE = YES;
				CLANG_WARN__DUPLICATE_METHOD_MATCH = YES;
				COPY_PHASE_STRIP = NO;
				DEBUG_INFORMATION_FORMAT = "dwarf-with-dsym";
				ENABLE_NS_ASSERTIONS = NO;
				ENABLE_STRICT_OBJC_MSGSEND = YES;
				ENABLE_USER_SCRIPT_SANDBOXING = YES;
				GCC_C_LANGUAGE_STANDARD = gnu17;
				GCC_NO_COMMON_BLOCKS = YES;
				GCC_WARN_64_TO_32_BIT_CONVERSION = YES;
				GCC_WARN_ABOUT_RETURN_TYPE = YES_ERROR;
				GCC_WARN_UNDECLARED_SELECTOR = YES;
				GCC_WARN_UNINITIALIZED_AUTOS = YES_AGGRESSIVE;
				GCC_WARN_UNUSED_FUNCTION = YES;
				GCC_WARN_UNUSED_VARIABLE = YES;
				IPHONEOS_DEPLOYMENT_TARGET = 16.0;
				LOCALIZATION_PREFERS_STRING_CATALOGS = YES;
				MTL_ENABLE_DEBUG_INFO = NO;
				MTL_FAST_MATH = YES;
				SDKROOT = iphoneos;
				SWIFT_COMPILATION_MODE = wholemodule;
				VALIDATE_PRODUCT = YES;
			};
			name = Release;
		};
		802 /* Debug */ = {
			isa = XCBuildConfiguration;
			buildSettings = {
				ASSETCATALOG_COMPILER_APPICON_NAME = AppIcon;
				ASSETCATALOG_COMPILER_GLOBAL_ACCENT_COLOR_NAME = AccentColor;
				CODE_SIGN_STYLE = Automatic;
				CURRENT_PROJECT_VERSION = 1;
				DEVELOPMENT_TEAM = 8SK57XYUT9;
				ENABLE_PREVIEWS = YES;
				GENERATE_INFOPLIST_FILE = YES;
				INFOPLIST_KEY_UIApplicationSceneManifest_Generation = YES;
				INFOPLIST_KEY_UIApplicationSupportsIndirectInputEvents = YES;
				INFOPLIST_KEY_UILaunchScreen_Generation = YES;
				INFOPLIST_KEY_UISupportedInterfaceOrientations = UIInterfaceOrientationPortrait;
				INFOPLIST_KEY_UISupportedInterfaceOrientations_iPad = "UIInterfaceOrientationPortrait UIInterfaceOrientationPortraitUpsideDown";
				LD_RUNPATH_SEARCH_PATHS = (
					"$(inherited)",
					"@executable_path/Frameworks",
				);
				MARKETING_VERSION = 1.0;
				PRODUCT_BUNDLE_IDENTIFIER = com.vannaheis.politiciansim;
				PRODUCT_NAME = "$(TARGET_NAME)";
				SWIFT_EMIT_LOC_STRINGS = YES;
				SWIFT_VERSION = 5.0;
				TARGETED_DEVICE_FAMILY = "1,2";
			};
			name = Debug;
		};
		803 /* Release */ = {
			isa = XCBuildConfiguration;
			buildSettings = {
				ASSETCATALOG_COMPILER_APPICON_NAME = AppIcon;
				ASSETCATALOG_COMPILER_GLOBAL_ACCENT_COLOR_NAME = AccentColor;
				CODE_SIGN_STYLE = Automatic;
				CURRENT_PROJECT_VERSION = 1;
				DEVELOPMENT_TEAM = 8SK57XYUT9;
				ENABLE_PREVIEWS = YES;
				GENERATE_INFOPLIST_FILE = YES;
				INFOPLIST_KEY_UIApplicationSceneManifest_Generation = YES;
				INFOPLIST_KEY_UIApplicationSupportsIndirectInputEvents = YES;
				INFOPLIST_KEY_UILaunchScreen_Generation = YES;
				INFOPLIST_KEY_UISupportedInterfaceOrientations = UIInterfaceOrientationPortrait;
				INFOPLIST_KEY_UISupportedInterfaceOrientations_iPad = "UIInterfaceOrientationPortrait UIInterfaceOrientationPortraitUpsideDown";
				LD_RUNPATH_SEARCH_PATHS = (
					"$(inherited)",
					"@executable_path/Frameworks",
				);
				MARKETING_VERSION = 1.0;
				PRODUCT_BUNDLE_IDENTIFIER = com.vannaheis.politiciansim;
				PRODUCT_NAME = "$(TARGET_NAME)";
				SWIFT_EMIT_LOC_STRINGS = YES;
				SWIFT_VERSION = 5.0;
				TARGETED_DEVICE_FAMILY = "1,2";
			};
			name = Release;
		};
/* End XCBuildConfiguration section */

/* Begin XCConfigurationList section */
		500 /* Build configuration list for PBXNativeTarget "PoliticianSim" */ = {
			isa = XCConfigurationList;
			buildConfigurations = (
				802 /* Debug */,
				803 /* Release */,
			);
			defaultConfigurationIsVisible = 0;
			defaultConfigurationName = Release;
		};
		700 /* Build configuration list for PBXProject "PoliticianSim" */ = {
			isa = XCConfigurationList;
			buildConfigurations = (
				800 /* Debug */,
				801 /* Release */,
			);
			defaultConfigurationIsVisible = 0;
			defaultConfigurationName = Release;
		};
/* End XCConfigurationList section */
	};
	rootObject = 600 /* Project object */;
}
